
Microsoft Visual Studio Solution File, Format Version 12.00
# Visual Studio Version 17
VisualStudioVersion = 17.0.31903.59
MinimumVisualStudioVersion = 10.0.40219.1
Project("{FAE04EC0-301F-11D3-BF4B-00C04F79EFBC}") = "Xo.Core.Smtp", "Xo.Core.Smtp\Xo.Core.Smtp.csproj", "{0D780266-FD2C-4D9A-AF03-831B8815C1EE}"
EndProject
Global
	GlobalSection(SolutionConfigurationPlatforms) = preSolution
		Debug|Any CPU = Debug|Any CPU
		Release|Any CPU = Release|Any CPU
	EndGlobalSection
	GlobalSection(SolutionProperties) = preSolution
		HideSolutionNode = FALSE
	EndGlobalSection
	GlobalSection(ProjectConfigurationPlatforms) = postSolution
		{0D780266-FD2C-4D9A-AF03-831B8815C1EE}.Debug|Any CPU.ActiveCfg = Debug|Any CPU
		{0D780266-FD2C-4D9A-AF03-831B8815C1EE}.Debug|Any CPU.Build.0 = Debug|Any CPU
		{0D780266-FD2C-4D9A-AF03-831B8815C1EE}.Release|Any CPU.ActiveCfg = Release|Any CPU
		{0D780266-FD2C-4D9A-AF03-831B8815C1EE}.Release|Any CPU.Build.0 = Release|Any CPU
	EndGlobalSection
EndGlobal
